
Microsoft Visual Studio Solution File, Format Version 12.00
# Visual Studio Version 17
VisualStudioVersion = 17.9.34723.18
MinimumVisualStudioVersion = 10.0.40219.1
Project("{FAE04EC0-301F-11D3-BF4B-00C04F79EFBC}") = "ProductAPI", "ProductAPI\ProductAPI.csproj", "{6C8CCC48-9360-4720-B6A7-39844BAF3FB9}"
EndProject
Project("{FAE04EC0-301F-11D3-BF4B-00C04F79EFBC}") = "OrderAPI", "OrderAPI\OrderAPI.csproj", "{D88AF0BA-8833-402E-AB7B-31B591CCB416}"
EndProject
Project("{FAE04EC0-301F-11D3-BF4B-00C04F79EFBC}") = "EmailNotificationWebHook", "EmailNotificationWebHook\EmailNotificationWebHook.csproj", "{E1CAF68B-ED04-495E-884F-93F3CB84CC48}"
EndProject
Global
	GlobalSection(SolutionConfigurationPlatforms) = preSolution
		Debug|Any CPU = Debug|Any CPU
		Release|Any CPU = Release|Any CPU
	EndGlobalSection
	GlobalSection(ProjectConfigurationPlatforms) = postSolution
		{6C8CCC48-9360-4720-B6A7-39844BAF3FB9}.Debug|Any CPU.ActiveCfg = Debug|Any CPU
		{6C8CCC48-9360-4720-B6A7-39844BAF3FB9}.Debug|Any CPU.Build.0 = Debug|Any CPU
		{6C8CCC48-9360-4720-B6A7-39844BAF3FB9}.Release|Any CPU.ActiveCfg = Release|Any CPU
		{6C8CCC48-9360-4720-B6A7-39844BAF3FB9}.Release|Any CPU.Build.0 = Release|Any CPU
		{D88AF0BA-8833-402E-AB7B-31B591CCB416}.Debug|Any CPU.ActiveCfg = Debug|Any CPU
		{D88AF0BA-8833-402E-AB7B-31B591CCB416}.Debug|Any CPU.Build.0 = Debug|Any CPU
		{D88AF0BA-8833-402E-AB7B-31B591CCB416}.Release|Any CPU.ActiveCfg = Release|Any CPU
		{D88AF0BA-8833-402E-AB7B-31B591CCB416}.Release|Any CPU.Build.0 = Release|Any CPU
		{E1CAF68B-ED04-495E-884F-93F3CB84CC48}.Debug|Any CPU.ActiveCfg = Debug|Any CPU
		{E1CAF68B-ED04-495E-884F-93F3CB84CC48}.Debug|Any CPU.Build.0 = Debug|Any CPU
		{E1CAF68B-ED04-495E-884F-93F3CB84CC48}.Release|Any CPU.ActiveCfg = Release|Any CPU
		{E1CAF68B-ED04-495E-884F-93F3CB84CC48}.Release|Any CPU.Build.0 = Release|Any CPU
	EndGlobalSection
	GlobalSection(SolutionProperties) = preSolution
		HideSolutionNode = FALSE
	EndGlobalSection
	GlobalSection(ExtensibilityGlobals) = postSolution
		SolutionGuid = {631524A6-0978-4836-9794-8B58EC445F6A}
	EndGlobalSection
EndGlobal
